{
  "name": "evidencedesk-postgres-lab-runtime",
  "version": "0.1.0",
  "lockfileVersion": 3,
  "requires": true,
  "packages": {
    "": {
      "name": "evidencedesk-postgres-lab-runtime",
      "version": "0.1.0",
      "dependencies": {
        "@embedded-postgres/linux-x64": "18.4.0-beta.17"
      }
    },
    "node_modules/@embedded-postgres/linux-x64": {
      "version": "18.4.0-beta.17",
      "resolved": "https://registry.npmjs.org/@embedded-postgres/linux-x64/-/linux-x64-18.4.0-beta.17.tgz",
      "integrity": "sha512-jVw/MdDtIX/vICH/DKIe6/mHpiCggdx6QVyza4vt/NbcZFsL0KhwglF6F1Koqx3gRBZ9XtN+vi63EsqSyqOSxA==",
      "cpu": [
        "x64"
      ],
      "hasInstallScript": true,
      "license": "MIT",
      "os": [
        "linux"
      ],
      "engines": {
        "node": ">=16"
      }
    }
  }
}
